
Microsoft Visual Studio Solution File, Format Version 12.00
# Visual Studio Version 16
VisualStudioVersion = 16.0.31410.357
MinimumVisualStudioVersion = 10.0.40219.1
Project("{FAE04EC0-301F-11D3-BF4B-00C04F79EFBC}") = "POC1Application", "POC1Application.csproj", "{B25AB315-DAD5-41C4-A3FA-2A7A2E9FFEE7}"
EndProject
Global
	GlobalSection(SolutionConfigurationPlatforms) = preSolution
		Debug|Any CPU = Debug|Any CPU
		Release|Any CPU = Release|Any CPU
	EndGlobalSection
	GlobalSection(ProjectConfigurationPlatforms) = postSolution
		{B25AB315-DAD5-41C4-A3FA-2A7A2E9FFEE7}.Debug|Any CPU.ActiveCfg = Debug|Any CPU
		{B25AB315-DAD5-41C4-A3FA-2A7A2E9FFEE7}.Debug|Any CPU.Build.0 = Debug|Any CPU
		{B25AB315-DAD5-41C4-A3FA-2A7A2E9FFEE7}.Release|Any CPU.ActiveCfg = Release|Any CPU
		{B25AB315-DAD5-41C4-A3FA-2A7A2E9FFEE7}.Release|Any CPU.Build.0 = Release|Any CPU
	EndGlobalSection
	GlobalSection(SolutionProperties) = preSolution
		HideSolutionNode = FALSE
	EndGlobalSection
	GlobalSection(ExtensibilityGlobals) = postSolution
		SolutionGuid = {F60CB689-EF24-496B-A7EA-C40CB92C7E09}
	EndGlobalSection
EndGlobal
